
Microsoft Visual Studio Solution File, Format Version 12.00
# Visual Studio Version 16
VisualStudioVersion = 16.0.28803.916
MinimumVisualStudioVersion = 10.0.40219.1
Project("{FAE04EC0-301F-11D3-BF4B-00C04F79EFBC}") = "BDProject", "BDProject\BDProject.csproj", "{9B328F9D-7EAF-4BBB-8353-877B7DF209D6}"
EndProject
Global
	GlobalSection(SolutionConfigurationPlatforms) = preSolution
		Debug|Any CPU = Debug|Any CPU
		Release|Any CPU = Release|Any CPU
	EndGlobalSection
	GlobalSection(ProjectConfigurationPlatforms) = postSolution
		{9B328F9D-7EAF-4BBB-8353-877B7DF209D6}.Debug|Any CPU.ActiveCfg = Debug|Any CPU
		{9B328F9D-7EAF-4BBB-8353-877B7DF209D6}.Debug|Any CPU.Build.0 = Debug|Any CPU
		{9B328F9D-7EAF-4BBB-8353-877B7DF209D6}.Release|Any CPU.ActiveCfg = Release|Any CPU
		{9B328F9D-7EAF-4BBB-8353-877B7DF209D6}.Release|Any CPU.Build.0 = Release|Any CPU
	EndGlobalSection
	GlobalSection(SolutionProperties) = preSolution
		HideSolutionNode = FALSE
	EndGlobalSection
	GlobalSection(ExtensibilityGlobals) = postSolution
		SolutionGuid = {EC44EFD3-41F2-47EB-B392-C07A64B32205}
	EndGlobalSection
EndGlobal
